
Microsoft Visual Studio Solution File, Format Version 12.00
# Visual Studio Version 17
VisualStudioVersion = 17.4.33110.190
MinimumVisualStudioVersion = 10.0.40219.1
Project("{FAE04EC0-301F-11D3-BF4B-00C04F79EFBC}") = "Password_Generator", "Password_Generator\Password_Generator.csproj", "{22A87B43-2B44-4C7A-9C6C-953CE710A3B4}"
EndProject
Global
	GlobalSection(SolutionConfigurationPlatforms) = preSolution
		Debug|Any CPU = Debug|Any CPU
		Release|Any CPU = Release|Any CPU
	EndGlobalSection
	GlobalSection(ProjectConfigurationPlatforms) = postSolution
		{22A87B43-2B44-4C7A-9C6C-953CE710A3B4}.Debug|Any CPU.ActiveCfg = Debug|Any CPU
		{22A87B43-2B44-4C7A-9C6C-953CE710A3B4}.Debug|Any CPU.Build.0 = Debug|Any CPU
		{22A87B43-2B44-4C7A-9C6C-953CE710A3B4}.Release|Any CPU.ActiveCfg = Release|Any CPU
		{22A87B43-2B44-4C7A-9C6C-953CE710A3B4}.Release|Any CPU.Build.0 = Release|Any CPU
	EndGlobalSection
	GlobalSection(SolutionProperties) = preSolution
		HideSolutionNode = FALSE
	EndGlobalSection
	GlobalSection(ExtensibilityGlobals) = postSolution
		SolutionGuid = {DE853751-2394-4776-B048-F941F45C3F78}
	EndGlobalSection
EndGlobal
